
Microsoft Visual Studio Solution File, Format Version 12.00
# Visual Studio Version 17
VisualStudioVersion = 17.14.36518.9 d17.14
MinimumVisualStudioVersion = 10.0.40219.1
Project("{FAE04EC0-301F-11D3-BF4B-00C04F79EFBC}") = "CleanArchitecture2", "CleanArchitecture2\CleanArchitecture2.csproj", "{B9EEA0FA-11C8-4B7D-AED8-89171103A7A2}"
EndProject
Project("{FAE04EC0-301F-11D3-BF4B-00C04F79EFBC}") = "Contracts", "Contracts\Contracts.csproj", "{265B4E20-A10A-4E35-996C-4F7C085956C0}"
EndProject
Project("{FAE04EC0-301F-11D3-BF4B-00C04F79EFBC}") = "Infrastructure", "Infrastructure\Infrastructure.csproj", "{88C83AAD-C319-463D-9791-311A416F64EC}"
EndProject
Project("{FAE04EC0-301F-11D3-BF4B-00C04F79EFBC}") = "Application", "Application\Application.csproj", "{A5EF316A-17D5-4BF9-987D-AA1E45F4C294}"
EndProject
Project("{FAE04EC0-301F-11D3-BF4B-00C04F79EFBC}") = "Domain", "Domain\Domain.csproj", "{BF6BF564-A146-4790-AB64-03E31E472D5D}"
EndProject
Global
	GlobalSection(SolutionConfigurationPlatforms) = preSolution
		Debug|Any CPU = Debug|Any CPU
		Release|Any CPU = Release|Any CPU
	EndGlobalSection
	GlobalSection(ProjectConfigurationPlatforms) = postSolution
		{B9EEA0FA-11C8-4B7D-AED8-89171103A7A2}.Debug|Any CPU.ActiveCfg = Debug|Any CPU
		{B9EEA0FA-11C8-4B7D-AED8-89171103A7A2}.Debug|Any CPU.Build.0 = Debug|Any CPU
		{B9EEA0FA-11C8-4B7D-AED8-89171103A7A2}.Release|Any CPU.ActiveCfg = Release|Any CPU
		{B9EEA0FA-11C8-4B7D-AED8-89171103A7A2}.Release|Any CPU.Build.0 = Release|Any CPU
		{265B4E20-A10A-4E35-996C-4F7C085956C0}.Debug|Any CPU.ActiveCfg = Debug|Any CPU
		{265B4E20-A10A-4E35-996C-4F7C085956C0}.Debug|Any CPU.Build.0 = Debug|Any CPU
		{265B4E20-A10A-4E35-996C-4F7C085956C0}.Release|Any CPU.ActiveCfg = Release|Any CPU
		{265B4E20-A10A-4E35-996C-4F7C085956C0}.Release|Any CPU.Build.0 = Release|Any CPU
		{88C83AAD-C319-463D-9791-311A416F64EC}.Debug|Any CPU.ActiveCfg = Debug|Any CPU
		{88C83AAD-C319-463D-9791-311A416F64EC}.Debug|Any CPU.Build.0 = Debug|Any CPU
		{88C83AAD-C319-463D-9791-311A416F64EC}.Release|Any CPU.ActiveCfg = Release|Any CPU
		{88C83AAD-C319-463D-9791-311A416F64EC}.Release|Any CPU.Build.0 = Release|Any CPU
		{A5EF316A-17D5-4BF9-987D-AA1E45F4C294}.Debug|Any CPU.ActiveCfg = Debug|Any CPU
		{A5EF316A-17D5-4BF9-987D-AA1E45F4C294}.Debug|Any CPU.Build.0 = Debug|Any CPU
		{A5EF316A-17D5-4BF9-987D-AA1E45F4C294}.Release|Any CPU.ActiveCfg = Release|Any CPU
		{A5EF316A-17D5-4BF9-987D-AA1E45F4C294}.Release|Any CPU.Build.0 = Release|Any CPU
		{BF6BF564-A146-4790-AB64-03E31E472D5D}.Debug|Any CPU.ActiveCfg = Debug|Any CPU
		{BF6BF564-A146-4790-AB64-03E31E472D5D}.Debug|Any CPU.Build.0 = Debug|Any CPU
		{BF6BF564-A146-4790-AB64-03E31E472D5D}.Release|Any CPU.ActiveCfg = Release|Any CPU
		{BF6BF564-A146-4790-AB64-03E31E472D5D}.Release|Any CPU.Build.0 = Release|Any CPU
	EndGlobalSection
	GlobalSection(SolutionProperties) = preSolution
		HideSolutionNode = FALSE
	EndGlobalSection
	GlobalSection(ExtensibilityGlobals) = postSolution
		SolutionGuid = {589D94A2-2394-44A0-BE86-F55615F9439C}
	EndGlobalSection
EndGlobal
